
Microsoft Visual Studio Solution File, Format Version 12.00
# Visual Studio Version 17
VisualStudioVersion = 17.3.32825.248
MinimumVisualStudioVersion = 10.0.40219.1
Project("{9A19103F-16F7-4668-BE54-9A1E7A4F7556}") = "MyAspNetCoreApp.Web", "MyAspNetCoreApp.Web\MyAspNetCoreApp.Web.csproj", "{F6639890-ABB8-4CD7-AAC1-85CA6BC4FE99}"
EndProject
Global
	GlobalSection(SolutionConfigurationPlatforms) = preSolution
		Debug|Any CPU = Debug|Any CPU
		Release|Any CPU = Release|Any CPU
	EndGlobalSection
	GlobalSection(ProjectConfigurationPlatforms) = postSolution
		{F6639890-ABB8-4CD7-AAC1-85CA6BC4FE99}.Debug|Any CPU.ActiveCfg = Debug|Any CPU
		{F6639890-ABB8-4CD7-AAC1-85CA6BC4FE99}.Debug|Any CPU.Build.0 = Debug|Any CPU
		{F6639890-ABB8-4CD7-AAC1-85CA6BC4FE99}.Release|Any CPU.ActiveCfg = Release|Any CPU
		{F6639890-ABB8-4CD7-AAC1-85CA6BC4FE99}.Release|Any CPU.Build.0 = Release|Any CPU
	EndGlobalSection
	GlobalSection(SolutionProperties) = preSolution
		HideSolutionNode = FALSE
	EndGlobalSection
	GlobalSection(ExtensibilityGlobals) = postSolution
		SolutionGuid = {ACF5BA45-B362-4BEF-A979-8C05384790F4}
	EndGlobalSection
EndGlobal
